{
 "cause_tags": [
  "手順の自己改変",
  "既知の罠を記憶で回避",
  "未検証の断定",
  "片側だけ更新",
  "自己承認"
 ],
 "checks": [
  "2回目の違反で作業停止中",
  "CIが失敗しても止まらない",
  "CIのワークフローが無い",
  "CIの検査が抜けている",
  "LINKED_SKILLS",
  "PreToolUseがBashだけ",
  "PreToolUseの設定が無い",
  "PreToolUseの配線が消えた",
  "S以上でページ無し",
  "afterSkill不一致",
  "categoryLinks漏れ",
  "effectShortの接頭辞",
  "ownHiddenCandidate不整合",
  "ownHiddenCandidate未設定",
  "skillDetailに読点",
  "slotの独自語",
  "sourceCharactersのdb",
  "synthesisTableの行数",
  "trTableの段飛び",
  "サイト上の出典言及",
  "シミュのcost未設定",
  "データ内のHTMLタグ",
  "ドット付きランク",
  "フィールドの省略",
  "フックが正本と違う",
  "ルール件数の表記ずれ",
  "ルール索引の検査が動かない",
  "一覧の逆引き同期漏れ",
  "合成表なしで検証済み",
  "未確認の根拠なし",
  "未計算式",
  "棚卸しの期限切れ",
  "棚卸しの記録が無い",
  "模倣不可の位置",
  "横スクロール対策の欠落",
  "武将名の表記ゆれ",
  "監査に足したチェックが実在しない",
  "監査に足した根拠が書式外",
  "移植前の数値矛盾",
  "移植後がS1と不一致",
  "移植後の性能未設定",
  "移植後の数値矛盾",
  "足したチェックに自己テストが無い",
  "逆引き漏れ",
  "違反ログに未対応が残っている",
  "違反ログのIDが索引に無い",
  "違反ログのタグが空",
  "違反ログのタグが表に無い",
  "違反ログの区分が不正",
  "違反ログの行を解釈できない",
  "違反ログを読めない",
  "重複登録",
  "錠前の検査が動かない"
 ],
 "entry_counts": {
  "characters-ketsu.html": 3,
  "characters-kyoku.html": 121,
  "characters.html": 130
 },
 "hooks": {
  "tools/hooks/no_heredoc_backslash.py": "e2f7967fa4bf170b",
  "tools/hooks/pre-commit": "80d070658547e1f8",
  "tools/hooks/pre-merge-commit": "65e5c5dfa76fc01a",
  "tools/hooks/pre-push": "f7c9b1c7b8a5f007"
 },
 "present": [
  ".claude/settings.json",
  ".github/workflows/rules.yml",
  "docs/RULE-OPERATION.md",
  "docs/RULE-VIOLATIONS.md",
  "docs/RULES.md",
  "docs/rollback-floor.txt",
  "tools/audit_baseline.json"
 ],
 "rule_ids": [
  "C-01",
  "C-02",
  "C-03",
  "C-04",
  "D-01",
  "D-02",
  "D-03",
  "D-04",
  "D-05",
  "D-06",
  "D-07",
  "D-08",
  "D-09",
  "D-10",
  "D-11",
  "D-12",
  "D-13",
  "D-14",
  "D-15",
  "F-01",
  "F-02",
  "F-03",
  "F-04",
  "F-05",
  "F-06",
  "F-07",
  "I-01",
  "I-02",
  "I-03",
  "I-04",
  "I-05",
  "I-06",
  "I-07",
  "I-08",
  "P-01",
  "P-02",
  "P-03",
  "P-04",
  "P-05",
  "S-01",
  "S-02",
  "S-03",
  "S-04",
  "S-05",
  "S-06",
  "S-07",
  "S-08",
  "S-09",
  "S-10",
  "S-11",
  "S-12",
  "S-13",
  "S-14",
  "T-01",
  "T-02",
  "T-03",
  "T-04",
  "T-05",
  "T-06",
  "T-07",
  "V-01",
  "V-02",
  "V-03",
  "V-04",
  "V-05",
  "V-06",
  "W-01",
  "W-02",
  "W-03",
  "W-04",
  "W-05",
  "W-06",
  "W-07",
  "W-08",
  "W-09",
  "W-10",
  "W-11",
  "W-12",
  "W-13",
  "W-14"
 ],
 "violations": {
  "2026-08-12|I-01": "dc737a3ff75ed4a4",
  "2026-08-12|S-01": "e8ebaf89bf471203",
  "2026-08-12|T-01": "3ef51bcee736fbef",
  "2026-08-12|W-13": "330513a2bb0b168a",
  "2026-08-12|W-14": "e7cdb638e25cefa7",
  "2026-08-13|I-01": "36969edaf44e57a7"
 }
}